// !$*UTF8*$!
{
	archiveVersion = 1;
	classes = {
	};
	objectVersion = 46;
	objects = {

/* Begin PBXBuildFile section */
		9CFC13461B3C2A1400C975B1 /* Assistant.swift in Sources */ = {isa = PBXBuildFile; fileRef = 9CFC13441B3C2A1400C975B1 /* Assistant.swift */; };
		9CFC13471B3C2A1400C975B1 /* MicMonitor.swift in Sources */ = {isa = PBXBuildFile; fileRef = 9CFC13451B3C2A1400C975B1 /* MicMonitor.swift */; };
		9CFC13501B3C2A2400C975B1 /* AppDelegate.swift in Sources */ = {isa = PBXBuildFile; fileRef = 9CFC13481B3C2A2400C975B1 /* AppDelegate.swift */; };
		9CFC13531B3C2A2400C975B1 /* Images.xcassets in Resources */ = {isa = PBXBuildFile; fileRef = 9CFC134E1B3C2A2400C975B1 /* Images.xcassets */; };
		9CFC13541B3C2A2400C975B1 /* ViewController.swift in Sources */ = {isa = PBXBuildFile; fileRef = 9CFC134F1B3C2A2400C975B1 /* ViewController.swift */; };
		9CFC13591B3C2A4600C975B1 /* LaunchScreen.xib in Resources */ = {isa = PBXBuildFile; fileRef = 9CFC13551B3C2A4600C975B1 /* LaunchScreen.xib */; };
		9CFC135A1B3C2A4600C975B1 /* Main.storyboard in Resources */ = {isa = PBXBuildFile; fileRef = 9CFC13571B3C2A4600C975B1 /* Main.storyboard */; };
/* End PBXBuildFile section */

/* Begin PBXFileReference section */
		9C78FCA41B393B4900526BD8 /* Iris.app */ = {isa = PBXFileReference; explicitFileType = wrapper.application; includeInIndex = 0; path = Iris.app; sourceTree = BUILT_PRODUCTS_DIR; };
		9CFC13441B3C2A1400C975B1 /* Assistant.swift */ = {isa = PBXFileReference; fileEncoding = 4; lastKnownFileType = sourcecode.swift; name = Assistant.swift; path = Iris/Assistant.swift; sourceTree = "<group>"; };
		9CFC13451B3C2A1400C975B1 /* MicMonitor.swift */ = {isa = PBXFileReference; fileEncoding = 4; lastKnownFileType = sourcecode.swift; name = MicMonitor.swift; path = Iris/MicMonitor.swift; sourceTree = "<group>"; };
		9CFC13481B3C2A2400C975B1 /* AppDelegate.swift */ = {isa = PBXFileReference; fileEncoding = 4; lastKnownFileType = sourcecode.swift; name = AppDelegate.swift; path = Iris/AppDelegate.swift; sourceTree = SOURCE_ROOT; };
		9CFC134E1B3C2A2400C975B1 /* Images.xcassets */ = {isa = PBXFileReference; lastKnownFileType = folder.assetcatalog; name = Images.xcassets; path = Iris/Images.xcassets; sourceTree = SOURCE_ROOT; };
		9CFC134F1B3C2A2400C975B1 /* ViewController.swift */ = {isa = PBXFileReference; fileEncoding = 4; lastKnownFileType = sourcecode.swift; name = ViewController.swift; path = Iris/ViewController.swift; sourceTree = SOURCE_ROOT; };
		9CFC13561B3C2A4600C975B1 /* Base */ = {isa = PBXFileReference; lastKnownFileType = file.xib; name = Base; path = Iris/Base.lproj/LaunchScreen.xib; sourceTree = SOURCE_ROOT; };
		9CFC13581B3C2A4600C975B1 /* Base */ = {isa = PBXFileReference; lastKnownFileType = file.storyboard; name = Base; path = Iris/Base.lproj/Main.storyboard; sourceTree = SOURCE_ROOT; };
		9CFC135B1B3C2A4F00C975B1 /* Info.plist */ = {isa = PBXFileReference; fileEncoding = 4; lastKnownFileType = text.plist.xml; name = Info.plist; path = Iris/Info.plist; sourceTree = SOURCE_ROOT; };
/* End PBXFileReference section */

/* Begin PBXFrameworksBuildPhase section */
		9C78FCA11B393B4800526BD8 /* Frameworks */ = {
			isa = PBXFrameworksBuildPhase;
			buildActionMask = 2147483647;
			files = (
			);
			runOnlyForDeploymentPostprocessing = 0;
		};
/* End PBXFrameworksBuildPhase section */

/* Begin PBXGroup section */
		9C78FC9B1B393B4800526BD8 = {
			isa = PBXGroup;
			children = (
				9CB96B031B3C29720022890A /* Starter Classes */,
				9C78FCA61B393B4900526BD8 /* Iris */,
				9C78FCA51B393B4900526BD8 /* Products */,
			);
			sourceTree = "<group>";
		};
		9C78FCA51B393B4900526BD8 /* Products */ = {
			isa = PBXGroup;
			children = (
				9C78FCA41B393B4900526BD8 /* Iris.app */,
			);
			name = Products;
			sourceTree = "<group>";
		};
		9C78FCA61B393B4900526BD8 /* Iris */ = {
			isa = PBXGroup;
			children = (
				9CFC134F1B3C2A2400C975B1 /* ViewController.swift */,
				9CFC13571B3C2A4600C975B1 /* Main.storyboard */,
				9C78FCA71B393B4900526BD8 /* Supporting Files */,
			);
			name = Iris;
			path = Siri;
			sourceTree = "<group>";
		};
		9C78FCA71B393B4900526BD8 /* Supporting Files */ = {
			isa = PBXGroup;
			children = (
				9CFC134E1B3C2A2400C975B1 /* Images.xcassets */,
				9CFC13551B3C2A4600C975B1 /* LaunchScreen.xib */,
				9CFC13481B3C2A2400C975B1 /* AppDelegate.swift */,
				9CFC135B1B3C2A4F00C975B1 /* Info.plist */,
			);
			name = "Supporting Files";
			sourceTree = "<group>";
		};
		9CB96B031B3C29720022890A /* Starter Classes */ = {
			isa = PBXGroup;
			children = (
				9CFC13441B3C2A1400C975B1 /* Assistant.swift */,
				9CFC13451B3C2A1400C975B1 /* MicMonitor.swift */,
			);
			name = "Starter Classes";
			sourceTree = "<group>";
		};
/* End PBXGroup section */

/* Begin PBXNativeTarget section */
		9C78FCA31B393B4800526BD8 /* Iris */ = {
			isa = PBXNativeTarget;
			buildConfigurationList = 9C78FCC31B393B4900526BD8 /* Build configuration list for PBXNativeTarget "Iris" */;
			buildPhases = (
				9C78FCA01B393B4800526BD8 /* Sources */,
				9C78FCA11B393B4800526BD8 /* Frameworks */,
				9C78FCA21B393B4800526BD8 /* Resources */,
			);
			buildRules = (
			);
			dependencies = (
			);
			name = Iris;
			productName = Siri;
			productReference = 9C78FCA41B393B4900526BD8 /* Iris.app */;
			productType = "com.apple.product-type.application";
		};
/* End PBXNativeTarget section */

/* Begin PBXProject section */
		9C78FC9C1B393B4800526BD8 /* Project object */ = {
			isa = PBXProject;
			attributes = {
				LastSwiftUpdateCheck = 0700;
				LastUpgradeCheck = 0900;
				ORGANIZATIONNAME = "Underplot ltd.";
				TargetAttributes = {
					9C78FCA31B393B4800526BD8 = {
						CreatedOnToolsVersion = 6.3.2;
						DevelopmentTeam = ZHNA975N38;
						LastSwiftMigration = 0900;
					};
				};
			};
			buildConfigurationList = 9C78FC9F1B393B4800526BD8 /* Build configuration list for PBXProject "Iris" */;
			compatibilityVersion = "Xcode 3.2";
			developmentRegion = English;
			hasScannedForEncodings = 0;
			knownRegions = (
				en,
				Base,
			);
			mainGroup = 9C78FC9B1B393B4800526BD8;
			productRefGroup = 9C78FCA51B393B4900526BD8 /* Products */;
			projectDirPath = "";
			projectRoot = "";
			targets = (
				9C78FCA31B393B4800526BD8 /* Iris */,
			);
		};
/* End PBXProject section */

/* Begin PBXResourcesBuildPhase section */
		9C78FCA21B393B4800526BD8 /* Resources */ = {
			isa = PBXResourcesBuildPhase;
			buildActionMask = 2147483647;
			files = (
				9CFC13531B3C2A2400C975B1 /* Images.xcassets in Resources */,
				9CFC13591B3C2A4600C975B1 /* LaunchScreen.xib in Resources */,
				9CFC135A1B3C2A4600C975B1 /* Main.storyboard in Resources */,
			);
			runOnlyForDeploymentPostprocessing = 0;
		};
/* End PBXResourcesBuildPhase section */

/* Begin PBXSourcesBuildPhase section */
		9C78FCA01B393B4800526BD8 /* Sources */ = {
			isa = PBXSourcesBuildPhase;
			buildActionMask = 2147483647;
			files = (
				9CFC13541B3C2A2400C975B1 /* ViewController.swift in Sources */,
				9CFC13461B3C2A1400C975B1 /* Assistant.swift in Sources */,
				9CFC13471B3C2A1400C975B1 /* MicMonitor.swift in Sources */,
				9CFC13501B3C2A2400C975B1 /* AppDelegate.swift in Sources */,
			);
			runOnlyForDeploymentPostprocessing = 0;
		};
/* End PBXSourcesBuildPhase section */

/* Begin PBXVariantGroup section */
		9CFC13551B3C2A4600C975B1 /* LaunchScreen.xib */ = {
			isa = PBXVariantGroup;
			children = (
				9CFC13561B3C2A4600C975B1 /* Base */,
			);
			name = LaunchScreen.xib;
			sourceTree = "<group>";
		};
		9CFC13571B3C2A4600C975B1 /* Main.storyboard */ = {
			isa = PBXVariantGroup;
			children = (
				9CFC13581B3C2A4600C975B1 /* Base */,
			);
			name = Main.storyboard;
			sourceTree = "<group>";
		};
/* End PBXVariantGroup section */

/* Begin XCBuildConfiguration section */
		9C78FCC11B393B4900526BD8 /* Debug */ = {
			isa = XCBuildConfiguration;
			buildSettings = {
				ALWAYS_SEARCH_USER_PATHS = NO;
				CLANG_CXX_LANGUAGE_STANDARD = "gnu++0x";
				CLANG_CXX_LIBRARY = "libc++";
				CLANG_ENABLE_MODULES = YES;
				CLANG_ENABLE_OBJC_ARC = YES;
				CLANG_WARN_BLOCK_CAPTURE_AUTORELEASING = YES;
				CLANG_WARN_BOOL_CONVERSION = YES;
				CLANG_WARN_COMMA = YES;
				CLANG_WARN_CONSTANT_CONVERSION = YES;
				CLANG_WARN_DIRECT_OBJC_ISA_USAGE = YES_ERROR;
				CLANG_WARN_EMPTY_BODY = YES;
				CLANG_WARN_ENUM_CONVERSION = YES;
				CLANG_WARN_INFINITE_RECURSION = YES;
				CLANG_WARN_INT_CONVERSION = YES;
				CLANG_WARN_NON_LITERAL_NULL_CONVERSION = YES;
				CLANG_WARN_OBJC_LITERAL_CONVERSION = YES;
				CLANG_WARN_OBJC_ROOT_CLASS = YES_ERROR;
				CLANG_WARN_RANGE_LOOP_ANALYSIS = YES;
				CLANG_WARN_STRICT_PROTOTYPES = YES;
				CLANG_WARN_SUSPICIOUS_MOVE = YES;
				CLANG_WARN_UNREACHABLE_CODE = YES;
				CLANG_WARN__DUPLICATE_METHOD_MATCH = YES;
				"CODE_SIGN_IDENTITY[sdk=iphoneos*]" = "iPhone Developer";
				COPY_PHASE_STRIP = NO;
				DEBUG_INFORMATION_FORMAT = "dwarf-with-dsym";
				ENABLE_STRICT_OBJC_MSGSEND = YES;
				ENABLE_TESTABILITY = YES;
				GCC_C_LANGUAGE_STANDARD = gnu99;
				GCC_DYNAMIC_NO_PIC = NO;
				GCC_NO_COMMON_BLOCKS = YES;
				GCC_OPTIMIZATION_LEVEL = 0;
				GCC_PREPROCESSOR_DEFINITIONS = (
					"DEBUG=1",
					"$(inherited)",
				);
				GCC_SYMBOLS_PRIVATE_EXTERN = NO;
				GCC_WARN_64_TO_32_BIT_CONVERSION = YES;
				GCC_WARN_ABOUT_RETURN_TYPE = YES_ERROR;
				GCC_WARN_UNDECLARED_SELECTOR = YES;
				GCC_WARN_UNINITIALIZED_AUTOS = YES_AGGRESSIVE;
				GCC_WARN_UNUSED_FUNCTION = YES;
				GCC_WARN_UNUSED_VARIABLE = YES;
				IPHONEOS_DEPLOYMENT_TARGET = 8.3;
				MTL_ENABLE_DEBUG_INFO = YES;
				ONLY_ACTIVE_ARCH = YES;
				SDKROOT = iphoneos;
				SWIFT_OPTIMIZATION_LEVEL = "-Onone";
			};
			name = Debug;
		};
		9C78FCC21B393B4900526BD8 /* Release */ = {
			isa = XCBuildConfiguration;
			buildSettings = {
				ALWAYS_SEARCH_USER_PATHS = NO;
				CLANG_CXX_LANGUAGE_STANDARD = "gnu++0x";
				CLANG_CXX_LIBRARY = "libc++";
				CLANG_ENABLE_MODULES = YES;
				CLANG_ENABLE_OBJC_ARC = YES;
				CLANG_WARN_BLOCK_CAPTURE_AUTORELEASING = YES;
				CLANG_WARN_BOOL_CONVERSION = YES;
				CLANG_WARN_COMMA = YES;
				CLANG_WARN_CONSTANT_CONVERSION = YES;
				CLANG_WARN_DIRECT_OBJC_ISA_USAGE = YES_ERROR;
				CLANG_WARN_EMPTY_BODY = YES;
				CLANG_WARN_ENUM_CONVERSION = YES;
				CLANG_WARN_INFINITE_RECURSION = YES;
				CLANG_WARN_INT_CONVERSION = YES;
				CLANG_WARN_NON_LITERAL_NULL_CONVERSION = YES;
				CLANG_WARN_OBJC_LITERAL_CONVERSION = YES;
				CLANG_WARN_OBJC_ROOT_CLASS = YES_ERROR;
				CLANG_WARN_RANGE_LOOP_ANALYSIS = YES;
				CLANG_WARN_STRICT_PROTOTYPES = YES;
				CLANG_WARN_SUSPICIOUS_MOVE = YES;
				CLANG_WARN_UNREACHABLE_CODE = YES;
				CLANG_WARN__DUPLICATE_METHOD_MATCH = YES;
				"CODE_SIGN_IDENTITY[sdk=iphoneos*]" = "iPhone Developer";
				COPY_PHASE_STRIP = NO;
				DEBUG_INFORMATION_FORMAT = "dwarf-with-dsym";
				ENABLE_NS_ASSERTIONS = NO;
				ENABLE_STRICT_OBJC_MSGSEND = YES;
				GCC_C_LANGUAGE_STANDARD = gnu99;
				GCC_NO_COMMON_BLOCKS = YES;
				GCC_WARN_64_TO_32_BIT_CONVERSION = YES;
				GCC_WARN_ABOUT_RETURN_TYPE = YES_ERROR;
				GCC_WARN_UNDECLARED_SELECTOR = YES;
				GCC_WARN_UNINITIALIZED_AUTOS = YES_AGGRESSIVE;
				GCC_WARN_UNUSED_FUNCTION = YES;
				GCC_WARN_UNUSED_VARIABLE = YES;
				IPHONEOS_DEPLOYMENT_TARGET = 8.3;
				MTL_ENABLE_DEBUG_INFO = NO;
				SDKROOT = iphoneos;
				VALIDATE_PRODUCT = YES;
			};
			name = Release;
		};
		9C78FCC41B393B4900526BD8 /* Debug */ = {
			isa = XCBuildConfiguration;
			buildSettings = {
				ASSETCATALOG_COMPILER_APPICON_NAME = AppIcon;
				DEVELOPMENT_TEAM = ZHNA975N38;
				INFOPLIST_FILE = Iris/Info.plist;
				LD_RUNPATH_SEARCH_PATHS = "$(inherited) @executable_path/Frameworks";
				PRODUCT_BUNDLE_IDENTIFIER = com.andyron.Iris;
				PRODUCT_NAME = Iris;
				SWIFT_SWIFT3_OBJC_INFERENCE = Default;
				SWIFT_VERSION = 4.0;
			};
			name = Debug;
		};
		9C78FCC51B393B4900526BD8 /* Release */ = {
			isa = XCBuildConfiguration;
			buildSettings = {
				ASSETCATALOG_COMPILER_APPICON_NAME = AppIcon;
				DEVELOPMENT_TEAM = ZHNA975N38;
				INFOPLIST_FILE = Iris/Info.plist;
				LD_RUNPATH_SEARCH_PATHS = "$(inherited) @executable_path/Frameworks";
				PRODUCT_BUNDLE_IDENTIFIER = com.andyron.Iris;
				PRODUCT_NAME = Iris;
				SWIFT_OPTIMIZATION_LEVEL = "-Owholemodule";
				SWIFT_SWIFT3_OBJC_INFERENCE = Default;
				SWIFT_VERSION = 4.0;
			};
			name = Release;
		};
/* End XCBuildConfiguration section */

/* Begin XCConfigurationList section */
		9C78FC9F1B393B4800526BD8 /* Build configuration list for PBXProject "Iris" */ = {
			isa = XCConfigurationList;
			buildConfigurations = (
				9C78FCC11B393B4900526BD8 /* Debug */,
				9C78FCC21B393B4900526BD8 /* Release */,
			);
			defaultConfigurationIsVisible = 0;
			defaultConfigurationName = Release;
		};
		9C78FCC31B393B4900526BD8 /* Build configuration list for PBXNativeTarget "Iris" */ = {
			isa = XCConfigurationList;
			buildConfigurations = (
				9C78FCC41B393B4900526BD8 /* Debug */,
				9C78FCC51B393B4900526BD8 /* Release */,
			);
			defaultConfigurationIsVisible = 0;
			defaultConfigurationName = Release;
		};
/* End XCConfigurationList section */
	};
	rootObject = 9C78FC9C1B393B4800526BD8 /* Project object */;
}
