// !$*UTF8*$!
{
	archiveVersion = 1;
	classes = {
	};
	objectVersion = 46;
	objects = {

/* Begin PBXBuildFile section */
		9C967C5E1A4F1B6C00A588A2 /* AppDelegate.swift in Sources */ = {isa = PBXBuildFile; fileRef = 9C967C5D1A4F1B6C00A588A2 /* AppDelegate.swift */; };
		9C967C601A4F1B6C00A588A2 /* MasterViewController.swift in Sources */ = {isa = PBXBuildFile; fileRef = 9C967C5F1A4F1B6C00A588A2 /* MasterViewController.swift */; };
		9C967C621A4F1B6C00A588A2 /* DetailViewController.swift in Sources */ = {isa = PBXBuildFile; fileRef = 9C967C611A4F1B6C00A588A2 /* DetailViewController.swift */; };
		9C967C651A4F1B6C00A588A2 /* Main.storyboard in Resources */ = {isa = PBXBuildFile; fileRef = 9C967C631A4F1B6C00A588A2 /* Main.storyboard */; };
		9C967C671A4F1B6C00A588A2 /* Images.xcassets in Resources */ = {isa = PBXBuildFile; fileRef = 9C967C661A4F1B6C00A588A2 /* Images.xcassets */; };
		9C967C6A1A4F1B6C00A588A2 /* LaunchScreen.xib in Resources */ = {isa = PBXBuildFile; fileRef = 9C967C681A4F1B6C00A588A2 /* LaunchScreen.xib */; };
		9C967C821A4F1F6100A588A2 /* RWLogoLayer.swift in Sources */ = {isa = PBXBuildFile; fileRef = 9C967C801A4F1F6100A588A2 /* RWLogoLayer.swift */; };
		EF37106F21B517AB00D2AC27 /* RevealAnimator.swift in Sources */ = {isa = PBXBuildFile; fileRef = EF37106E21B517AB00D2AC27 /* RevealAnimator.swift */; };
/* End PBXBuildFile section */

/* Begin PBXFileReference section */
		9C967C581A4F1B6C00A588A2 /* LogoReveal.app */ = {isa = PBXFileReference; explicitFileType = wrapper.application; includeInIndex = 0; path = LogoReveal.app; sourceTree = BUILT_PRODUCTS_DIR; };
		9C967C5C1A4F1B6C00A588A2 /* Info.plist */ = {isa = PBXFileReference; lastKnownFileType = text.plist.xml; path = Info.plist; sourceTree = "<group>"; };
		9C967C5D1A4F1B6C00A588A2 /* AppDelegate.swift */ = {isa = PBXFileReference; lastKnownFileType = sourcecode.swift; path = AppDelegate.swift; sourceTree = "<group>"; };
		9C967C5F1A4F1B6C00A588A2 /* MasterViewController.swift */ = {isa = PBXFileReference; lastKnownFileType = sourcecode.swift; path = MasterViewController.swift; sourceTree = "<group>"; };
		9C967C611A4F1B6C00A588A2 /* DetailViewController.swift */ = {isa = PBXFileReference; lastKnownFileType = sourcecode.swift; path = DetailViewController.swift; sourceTree = "<group>"; };
		9C967C641A4F1B6C00A588A2 /* Base */ = {isa = PBXFileReference; lastKnownFileType = file.storyboard; name = Base; path = Base.lproj/Main.storyboard; sourceTree = "<group>"; };
		9C967C661A4F1B6C00A588A2 /* Images.xcassets */ = {isa = PBXFileReference; lastKnownFileType = folder.assetcatalog; path = Images.xcassets; sourceTree = "<group>"; };
		9C967C691A4F1B6C00A588A2 /* Base */ = {isa = PBXFileReference; lastKnownFileType = file.xib; name = Base; path = Base.lproj/LaunchScreen.xib; sourceTree = "<group>"; };
		9C967C801A4F1F6100A588A2 /* RWLogoLayer.swift */ = {isa = PBXFileReference; fileEncoding = 4; lastKnownFileType = sourcecode.swift; path = RWLogoLayer.swift; sourceTree = "<group>"; };
		EF37106E21B517AB00D2AC27 /* RevealAnimator.swift */ = {isa = PBXFileReference; lastKnownFileType = sourcecode.swift; path = RevealAnimator.swift; sourceTree = "<group>"; };
/* End PBXFileReference section */

/* Begin PBXFrameworksBuildPhase section */
		9C967C551A4F1B6C00A588A2 /* Frameworks */ = {
			isa = PBXFrameworksBuildPhase;
			buildActionMask = 2147483647;
			files = (
			);
			runOnlyForDeploymentPostprocessing = 0;
		};
/* End PBXFrameworksBuildPhase section */

/* Begin PBXGroup section */
		9C967C4F1A4F1B6C00A588A2 = {
			isa = PBXGroup;
			children = (
				9C967C5A1A4F1B6C00A588A2 /* LogoReveal */,
				9C967C591A4F1B6C00A588A2 /* Products */,
			);
			sourceTree = "<group>";
		};
		9C967C591A4F1B6C00A588A2 /* Products */ = {
			isa = PBXGroup;
			children = (
				9C967C581A4F1B6C00A588A2 /* LogoReveal.app */,
			);
			name = Products;
			sourceTree = "<group>";
		};
		9C967C5A1A4F1B6C00A588A2 /* LogoReveal */ = {
			isa = PBXGroup;
			children = (
				9C967C5F1A4F1B6C00A588A2 /* MasterViewController.swift */,
				9C967C611A4F1B6C00A588A2 /* DetailViewController.swift */,
				9C967C801A4F1F6100A588A2 /* RWLogoLayer.swift */,
				EF37106E21B517AB00D2AC27 /* RevealAnimator.swift */,
				9C967C5D1A4F1B6C00A588A2 /* AppDelegate.swift */,
				9C967C631A4F1B6C00A588A2 /* Main.storyboard */,
				9C967C661A4F1B6C00A588A2 /* Images.xcassets */,
				9C967C681A4F1B6C00A588A2 /* LaunchScreen.xib */,
				9C967C5B1A4F1B6C00A588A2 /* Supporting Files */,
			);
			path = LogoReveal;
			sourceTree = "<group>";
		};
		9C967C5B1A4F1B6C00A588A2 /* Supporting Files */ = {
			isa = PBXGroup;
			children = (
				9C967C5C1A4F1B6C00A588A2 /* Info.plist */,
			);
			name = "Supporting Files";
			sourceTree = "<group>";
		};
/* End PBXGroup section */

/* Begin PBXNativeTarget section */
		9C967C571A4F1B6C00A588A2 /* LogoReveal */ = {
			isa = PBXNativeTarget;
			buildConfigurationList = 9C967C791A4F1B6C00A588A2 /* Build configuration list for PBXNativeTarget "LogoReveal" */;
			buildPhases = (
				9C967C541A4F1B6C00A588A2 /* Sources */,
				9C967C551A4F1B6C00A588A2 /* Frameworks */,
				9C967C561A4F1B6C00A588A2 /* Resources */,
			);
			buildRules = (
			);
			dependencies = (
			);
			name = LogoReveal;
			productName = LogoReveal;
			productReference = 9C967C581A4F1B6C00A588A2 /* LogoReveal.app */;
			productType = "com.apple.product-type.application";
		};
/* End PBXNativeTarget section */

/* Begin PBXProject section */
		9C967C501A4F1B6C00A588A2 /* Project object */ = {
			isa = PBXProject;
			attributes = {
				LastSwiftUpdateCheck = 0700;
				LastUpgradeCheck = 0900;
				ORGANIZATIONNAME = "Razeware LLC";
				TargetAttributes = {
					9C967C571A4F1B6C00A588A2 = {
						CreatedOnToolsVersion = 6.1.1;
						DevelopmentTeam = ZHNA975N38;
						LastSwiftMigration = 0900;
					};
				};
			};
			buildConfigurationList = 9C967C531A4F1B6C00A588A2 /* Build configuration list for PBXProject "LogoReveal" */;
			compatibilityVersion = "Xcode 3.2";
			developmentRegion = English;
			hasScannedForEncodings = 0;
			knownRegions = (
				en,
				Base,
			);
			mainGroup = 9C967C4F1A4F1B6C00A588A2;
			productRefGroup = 9C967C591A4F1B6C00A588A2 /* Products */;
			projectDirPath = "";
			projectRoot = "";
			targets = (
				9C967C571A4F1B6C00A588A2 /* LogoReveal */,
			);
		};
/* End PBXProject section */

/* Begin PBXResourcesBuildPhase section */
		9C967C561A4F1B6C00A588A2 /* Resources */ = {
			isa = PBXResourcesBuildPhase;
			buildActionMask = 2147483647;
			files = (
				9C967C651A4F1B6C00A588A2 /* Main.storyboard in Resources */,
				9C967C6A1A4F1B6C00A588A2 /* LaunchScreen.xib in Resources */,
				9C967C671A4F1B6C00A588A2 /* Images.xcassets in Resources */,
			);
			runOnlyForDeploymentPostprocessing = 0;
		};
/* End PBXResourcesBuildPhase section */

/* Begin PBXSourcesBuildPhase section */
		9C967C541A4F1B6C00A588A2 /* Sources */ = {
			isa = PBXSourcesBuildPhase;
			buildActionMask = 2147483647;
			files = (
				9C967C821A4F1F6100A588A2 /* RWLogoLayer.swift in Sources */,
				9C967C621A4F1B6C00A588A2 /* DetailViewController.swift in Sources */,
				9C967C601A4F1B6C00A588A2 /* MasterViewController.swift in Sources */,
				9C967C5E1A4F1B6C00A588A2 /* AppDelegate.swift in Sources */,
				EF37106F21B517AB00D2AC27 /* RevealAnimator.swift in Sources */,
			);
			runOnlyForDeploymentPostprocessing = 0;
		};
/* End PBXSourcesBuildPhase section */

/* Begin PBXVariantGroup section */
		9C967C631A4F1B6C00A588A2 /* Main.storyboard */ = {
			isa = PBXVariantGroup;
			children = (
				9C967C641A4F1B6C00A588A2 /* Base */,
			);
			name = Main.storyboard;
			sourceTree = "<group>";
		};
		9C967C681A4F1B6C00A588A2 /* LaunchScreen.xib */ = {
			isa = PBXVariantGroup;
			children = (
				9C967C691A4F1B6C00A588A2 /* Base */,
			);
			name = LaunchScreen.xib;
			sourceTree = "<group>";
		};
/* End PBXVariantGroup section */

/* Begin XCBuildConfiguration section */
		9C967C771A4F1B6C00A588A2 /* Debug */ = {
			isa = XCBuildConfiguration;
			buildSettings = {
				ALWAYS_SEARCH_USER_PATHS = NO;
				CLANG_CXX_LANGUAGE_STANDARD = "gnu++0x";
				CLANG_CXX_LIBRARY = "libc++";
				CLANG_ENABLE_MODULES = YES;
				CLANG_ENABLE_OBJC_ARC = YES;
				CLANG_WARN_BLOCK_CAPTURE_AUTORELEASING = YES;
				CLANG_WARN_BOOL_CONVERSION = YES;
				CLANG_WARN_COMMA = YES;
				CLANG_WARN_CONSTANT_CONVERSION = YES;
				CLANG_WARN_DIRECT_OBJC_ISA_USAGE = YES_ERROR;
				CLANG_WARN_EMPTY_BODY = YES;
				CLANG_WARN_ENUM_CONVERSION = YES;
				CLANG_WARN_INFINITE_RECURSION = YES;
				CLANG_WARN_INT_CONVERSION = YES;
				CLANG_WARN_NON_LITERAL_NULL_CONVERSION = YES;
				CLANG_WARN_OBJC_LITERAL_CONVERSION = YES;
				CLANG_WARN_OBJC_ROOT_CLASS = YES_ERROR;
				CLANG_WARN_RANGE_LOOP_ANALYSIS = YES;
				CLANG_WARN_STRICT_PROTOTYPES = YES;
				CLANG_WARN_SUSPICIOUS_MOVE = YES;
				CLANG_WARN_UNREACHABLE_CODE = YES;
				CLANG_WARN__DUPLICATE_METHOD_MATCH = YES;
				"CODE_SIGN_IDENTITY[sdk=iphoneos*]" = "iPhone Developer";
				COPY_PHASE_STRIP = NO;
				ENABLE_STRICT_OBJC_MSGSEND = YES;
				ENABLE_TESTABILITY = YES;
				GCC_C_LANGUAGE_STANDARD = gnu99;
				GCC_DYNAMIC_NO_PIC = NO;
				GCC_NO_COMMON_BLOCKS = YES;
				GCC_OPTIMIZATION_LEVEL = 0;
				GCC_PREPROCESSOR_DEFINITIONS = (
					"DEBUG=1",
					"$(inherited)",
				);
				GCC_SYMBOLS_PRIVATE_EXTERN = NO;
				GCC_WARN_64_TO_32_BIT_CONVERSION = YES;
				GCC_WARN_ABOUT_RETURN_TYPE = YES_ERROR;
				GCC_WARN_UNDECLARED_SELECTOR = YES;
				GCC_WARN_UNINITIALIZED_AUTOS = YES_AGGRESSIVE;
				GCC_WARN_UNUSED_FUNCTION = YES;
				GCC_WARN_UNUSED_VARIABLE = YES;
				IPHONEOS_DEPLOYMENT_TARGET = 8.1;
				MTL_ENABLE_DEBUG_INFO = YES;
				ONLY_ACTIVE_ARCH = YES;
				SDKROOT = iphoneos;
				SWIFT_OPTIMIZATION_LEVEL = "-Onone";
			};
			name = Debug;
		};
		9C967C781A4F1B6C00A588A2 /* Release */ = {
			isa = XCBuildConfiguration;
			buildSettings = {
				ALWAYS_SEARCH_USER_PATHS = NO;
				CLANG_CXX_LANGUAGE_STANDARD = "gnu++0x";
				CLANG_CXX_LIBRARY = "libc++";
				CLANG_ENABLE_MODULES = YES;
				CLANG_ENABLE_OBJC_ARC = YES;
				CLANG_WARN_BLOCK_CAPTURE_AUTORELEASING = YES;
				CLANG_WARN_BOOL_CONVERSION = YES;
				CLANG_WARN_COMMA = YES;
				CLANG_WARN_CONSTANT_CONVERSION = YES;
				CLANG_WARN_DIRECT_OBJC_ISA_USAGE = YES_ERROR;
				CLANG_WARN_EMPTY_BODY = YES;
				CLANG_WARN_ENUM_CONVERSION = YES;
				CLANG_WARN_INFINITE_RECURSION = YES;
				CLANG_WARN_INT_CONVERSION = YES;
				CLANG_WARN_NON_LITERAL_NULL_CONVERSION = YES;
				CLANG_WARN_OBJC_LITERAL_CONVERSION = YES;
				CLANG_WARN_OBJC_ROOT_CLASS = YES_ERROR;
				CLANG_WARN_RANGE_LOOP_ANALYSIS = YES;
				CLANG_WARN_STRICT_PROTOTYPES = YES;
				CLANG_WARN_SUSPICIOUS_MOVE = YES;
				CLANG_WARN_UNREACHABLE_CODE = YES;
				CLANG_WARN__DUPLICATE_METHOD_MATCH = YES;
				"CODE_SIGN_IDENTITY[sdk=iphoneos*]" = "iPhone Developer";
				COPY_PHASE_STRIP = YES;
				ENABLE_NS_ASSERTIONS = NO;
				ENABLE_STRICT_OBJC_MSGSEND = YES;
				GCC_C_LANGUAGE_STANDARD = gnu99;
				GCC_NO_COMMON_BLOCKS = YES;
				GCC_WARN_64_TO_32_BIT_CONVERSION = YES;
				GCC_WARN_ABOUT_RETURN_TYPE = YES_ERROR;
				GCC_WARN_UNDECLARED_SELECTOR = YES;
				GCC_WARN_UNINITIALIZED_AUTOS = YES_AGGRESSIVE;
				GCC_WARN_UNUSED_FUNCTION = YES;
				GCC_WARN_UNUSED_VARIABLE = YES;
				IPHONEOS_DEPLOYMENT_TARGET = 8.1;
				MTL_ENABLE_DEBUG_INFO = NO;
				SDKROOT = iphoneos;
				VALIDATE_PRODUCT = YES;
			};
			name = Release;
		};
		9C967C7A1A4F1B6C00A588A2 /* Debug */ = {
			isa = XCBuildConfiguration;
			buildSettings = {
				ASSETCATALOG_COMPILER_APPICON_NAME = AppIcon;
				DEVELOPMENT_TEAM = ZHNA975N38;
				INFOPLIST_FILE = LogoReveal/Info.plist;
				LD_RUNPATH_SEARCH_PATHS = "$(inherited) @executable_path/Frameworks";
				PRODUCT_BUNDLE_IDENTIFIER = com.andyron.LogoReveal;
				PRODUCT_NAME = "$(TARGET_NAME)";
				SWIFT_SWIFT3_OBJC_INFERENCE = Default;
				SWIFT_VERSION = 4.0;
			};
			name = Debug;
		};
		9C967C7B1A4F1B6C00A588A2 /* Release */ = {
			isa = XCBuildConfiguration;
			buildSettings = {
				ASSETCATALOG_COMPILER_APPICON_NAME = AppIcon;
				DEVELOPMENT_TEAM = ZHNA975N38;
				INFOPLIST_FILE = LogoReveal/Info.plist;
				LD_RUNPATH_SEARCH_PATHS = "$(inherited) @executable_path/Frameworks";
				PRODUCT_BUNDLE_IDENTIFIER = com.andyron.LogoReveal;
				PRODUCT_NAME = "$(TARGET_NAME)";
				SWIFT_OPTIMIZATION_LEVEL = "-Owholemodule";
				SWIFT_SWIFT3_OBJC_INFERENCE = Default;
				SWIFT_VERSION = 4.0;
			};
			name = Release;
		};
/* End XCBuildConfiguration section */

/* Begin XCConfigurationList section */
		9C967C531A4F1B6C00A588A2 /* Build configuration list for PBXProject "LogoReveal" */ = {
			isa = XCConfigurationList;
			buildConfigurations = (
				9C967C771A4F1B6C00A588A2 /* Debug */,
				9C967C781A4F1B6C00A588A2 /* Release */,
			);
			defaultConfigurationIsVisible = 0;
			defaultConfigurationName = Release;
		};
		9C967C791A4F1B6C00A588A2 /* Build configuration list for PBXNativeTarget "LogoReveal" */ = {
			isa = XCConfigurationList;
			buildConfigurations = (
				9C967C7A1A4F1B6C00A588A2 /* Debug */,
				9C967C7B1A4F1B6C00A588A2 /* Release */,
			);
			defaultConfigurationIsVisible = 0;
			defaultConfigurationName = Release;
		};
/* End XCConfigurationList section */
	};
	rootObject = 9C967C501A4F1B6C00A588A2 /* Project object */;
}
