// !$*UTF8*$!
{
	archiveVersion = 1;
	classes = {
	};
	objectVersion = 46;
	objects = {

/* Begin PBXBuildFile section */
		9CC38A4D1A04DC6A00000B57 /* AppDelegate.swift in Sources */ = {isa = PBXBuildFile; fileRef = 9CC38A4C1A04DC6A00000B57 /* AppDelegate.swift */; };
		9CC38A4F1A04DC6A00000B57 /* ViewController.swift in Sources */ = {isa = PBXBuildFile; fileRef = 9CC38A4E1A04DC6A00000B57 /* ViewController.swift */; };
		9CC38A521A04DC6A00000B57 /* Main.storyboard in Resources */ = {isa = PBXBuildFile; fileRef = 9CC38A501A04DC6A00000B57 /* Main.storyboard */; };
		9CC38A541A04DC6A00000B57 /* Images.xcassets in Resources */ = {isa = PBXBuildFile; fileRef = 9CC38A531A04DC6A00000B57 /* Images.xcassets */; };
		9CC38A571A04DC6A00000B57 /* LaunchScreen.xib in Resources */ = {isa = PBXBuildFile; fileRef = 9CC38A551A04DC6A00000B57 /* LaunchScreen.xib */; };
		9CC38A7C1A04E68000000B57 /* HerbModel.swift in Sources */ = {isa = PBXBuildFile; fileRef = 9CC38A7B1A04E68000000B57 /* HerbModel.swift */; };
		9CC38A821A0502F300000B57 /* HerbDetailsViewController.swift in Sources */ = {isa = PBXBuildFile; fileRef = 9CC38A811A0502F300000B57 /* HerbDetailsViewController.swift */; };
		EF37106D21B3E01700D2AC27 /* PopAnimator.swift in Sources */ = {isa = PBXBuildFile; fileRef = EF37106C21B3E01700D2AC27 /* PopAnimator.swift */; };
/* End PBXBuildFile section */

/* Begin PBXFileReference section */
		9CC38A471A04DC6A00000B57 /* BeginnerCook.app */ = {isa = PBXFileReference; explicitFileType = wrapper.application; includeInIndex = 0; path = BeginnerCook.app; sourceTree = BUILT_PRODUCTS_DIR; };
		9CC38A4B1A04DC6A00000B57 /* Info.plist */ = {isa = PBXFileReference; lastKnownFileType = text.plist.xml; path = Info.plist; sourceTree = "<group>"; };
		9CC38A4C1A04DC6A00000B57 /* AppDelegate.swift */ = {isa = PBXFileReference; lastKnownFileType = sourcecode.swift; path = AppDelegate.swift; sourceTree = "<group>"; };
		9CC38A4E1A04DC6A00000B57 /* ViewController.swift */ = {isa = PBXFileReference; lastKnownFileType = sourcecode.swift; path = ViewController.swift; sourceTree = "<group>"; };
		9CC38A511A04DC6A00000B57 /* Base */ = {isa = PBXFileReference; lastKnownFileType = file.storyboard; name = Base; path = Base.lproj/Main.storyboard; sourceTree = "<group>"; };
		9CC38A531A04DC6A00000B57 /* Images.xcassets */ = {isa = PBXFileReference; lastKnownFileType = folder.assetcatalog; path = Images.xcassets; sourceTree = "<group>"; };
		9CC38A561A04DC6A00000B57 /* Base */ = {isa = PBXFileReference; lastKnownFileType = file.xib; name = Base; path = Base.lproj/LaunchScreen.xib; sourceTree = "<group>"; };
		9CC38A7B1A04E68000000B57 /* HerbModel.swift */ = {isa = PBXFileReference; fileEncoding = 4; lastKnownFileType = sourcecode.swift; path = HerbModel.swift; sourceTree = "<group>"; };
		9CC38A811A0502F300000B57 /* HerbDetailsViewController.swift */ = {isa = PBXFileReference; fileEncoding = 4; lastKnownFileType = sourcecode.swift; path = HerbDetailsViewController.swift; sourceTree = "<group>"; };
		EF37106C21B3E01700D2AC27 /* PopAnimator.swift */ = {isa = PBXFileReference; lastKnownFileType = sourcecode.swift; path = PopAnimator.swift; sourceTree = "<group>"; };
/* End PBXFileReference section */

/* Begin PBXFrameworksBuildPhase section */
		9CC38A441A04DC6A00000B57 /* Frameworks */ = {
			isa = PBXFrameworksBuildPhase;
			buildActionMask = 2147483647;
			files = (
			);
			runOnlyForDeploymentPostprocessing = 0;
		};
/* End PBXFrameworksBuildPhase section */

/* Begin PBXGroup section */
		9CC38A3E1A04DC6A00000B57 = {
			isa = PBXGroup;
			children = (
				9CC38A491A04DC6A00000B57 /* BeginnerCook */,
				9CC38A481A04DC6A00000B57 /* Products */,
			);
			sourceTree = "<group>";
		};
		9CC38A481A04DC6A00000B57 /* Products */ = {
			isa = PBXGroup;
			children = (
				9CC38A471A04DC6A00000B57 /* BeginnerCook.app */,
			);
			name = Products;
			sourceTree = "<group>";
		};
		9CC38A491A04DC6A00000B57 /* BeginnerCook */ = {
			isa = PBXGroup;
			children = (
				9CC38A4E1A04DC6A00000B57 /* ViewController.swift */,
				9CC38A7B1A04E68000000B57 /* HerbModel.swift */,
				9CC38A811A0502F300000B57 /* HerbDetailsViewController.swift */,
				EF37106C21B3E01700D2AC27 /* PopAnimator.swift */,
				9CC38A4C1A04DC6A00000B57 /* AppDelegate.swift */,
				9CC38A501A04DC6A00000B57 /* Main.storyboard */,
				9CC38A531A04DC6A00000B57 /* Images.xcassets */,
				9CC38A551A04DC6A00000B57 /* LaunchScreen.xib */,
				9CC38A4A1A04DC6A00000B57 /* Supporting Files */,
			);
			path = BeginnerCook;
			sourceTree = "<group>";
		};
		9CC38A4A1A04DC6A00000B57 /* Supporting Files */ = {
			isa = PBXGroup;
			children = (
				9CC38A4B1A04DC6A00000B57 /* Info.plist */,
			);
			name = "Supporting Files";
			sourceTree = "<group>";
		};
/* End PBXGroup section */

/* Begin PBXNativeTarget section */
		9CC38A461A04DC6A00000B57 /* BeginnerCook */ = {
			isa = PBXNativeTarget;
			buildConfigurationList = 9CC38A661A04DC6A00000B57 /* Build configuration list for PBXNativeTarget "BeginnerCook" */;
			buildPhases = (
				9CC38A431A04DC6A00000B57 /* Sources */,
				9CC38A441A04DC6A00000B57 /* Frameworks */,
				9CC38A451A04DC6A00000B57 /* Resources */,
			);
			buildRules = (
			);
			dependencies = (
			);
			name = BeginnerCook;
			productName = BeginnerCook;
			productReference = 9CC38A471A04DC6A00000B57 /* BeginnerCook.app */;
			productType = "com.apple.product-type.application";
		};
/* End PBXNativeTarget section */

/* Begin PBXProject section */
		9CC38A3F1A04DC6A00000B57 /* Project object */ = {
			isa = PBXProject;
			attributes = {
				LastSwiftUpdateCheck = 0700;
				LastUpgradeCheck = 0900;
				ORGANIZATIONNAME = "Andy Ron";
				TargetAttributes = {
					9CC38A461A04DC6A00000B57 = {
						CreatedOnToolsVersion = 6.1;
						DevelopmentTeam = ZHNA975N38;
						LastSwiftMigration = 0900;
					};
				};
			};
			buildConfigurationList = 9CC38A421A04DC6A00000B57 /* Build configuration list for PBXProject "BeginnerCook" */;
			compatibilityVersion = "Xcode 3.2";
			developmentRegion = English;
			hasScannedForEncodings = 0;
			knownRegions = (
				en,
				Base,
			);
			mainGroup = 9CC38A3E1A04DC6A00000B57;
			productRefGroup = 9CC38A481A04DC6A00000B57 /* Products */;
			projectDirPath = "";
			projectRoot = "";
			targets = (
				9CC38A461A04DC6A00000B57 /* BeginnerCook */,
			);
		};
/* End PBXProject section */

/* Begin PBXResourcesBuildPhase section */
		9CC38A451A04DC6A00000B57 /* Resources */ = {
			isa = PBXResourcesBuildPhase;
			buildActionMask = 2147483647;
			files = (
				9CC38A521A04DC6A00000B57 /* Main.storyboard in Resources */,
				9CC38A571A04DC6A00000B57 /* LaunchScreen.xib in Resources */,
				9CC38A541A04DC6A00000B57 /* Images.xcassets in Resources */,
			);
			runOnlyForDeploymentPostprocessing = 0;
		};
/* End PBXResourcesBuildPhase section */

/* Begin PBXSourcesBuildPhase section */
		9CC38A431A04DC6A00000B57 /* Sources */ = {
			isa = PBXSourcesBuildPhase;
			buildActionMask = 2147483647;
			files = (
				9CC38A4F1A04DC6A00000B57 /* ViewController.swift in Sources */,
				9CC38A4D1A04DC6A00000B57 /* AppDelegate.swift in Sources */,
				9CC38A7C1A04E68000000B57 /* HerbModel.swift in Sources */,
				9CC38A821A0502F300000B57 /* HerbDetailsViewController.swift in Sources */,
				EF37106D21B3E01700D2AC27 /* PopAnimator.swift in Sources */,
			);
			runOnlyForDeploymentPostprocessing = 0;
		};
/* End PBXSourcesBuildPhase section */

/* Begin PBXVariantGroup section */
		9CC38A501A04DC6A00000B57 /* Main.storyboard */ = {
			isa = PBXVariantGroup;
			children = (
				9CC38A511A04DC6A00000B57 /* Base */,
			);
			name = Main.storyboard;
			sourceTree = "<group>";
		};
		9CC38A551A04DC6A00000B57 /* LaunchScreen.xib */ = {
			isa = PBXVariantGroup;
			children = (
				9CC38A561A04DC6A00000B57 /* Base */,
			);
			name = LaunchScreen.xib;
			sourceTree = "<group>";
		};
/* End PBXVariantGroup section */

/* Begin XCBuildConfiguration section */
		9CC38A641A04DC6A00000B57 /* Debug */ = {
			isa = XCBuildConfiguration;
			buildSettings = {
				ALWAYS_SEARCH_USER_PATHS = NO;
				CLANG_CXX_LANGUAGE_STANDARD = "gnu++0x";
				CLANG_CXX_LIBRARY = "libc++";
				CLANG_ENABLE_MODULES = YES;
				CLANG_ENABLE_OBJC_ARC = YES;
				CLANG_WARN_BLOCK_CAPTURE_AUTORELEASING = YES;
				CLANG_WARN_BOOL_CONVERSION = YES;
				CLANG_WARN_COMMA = YES;
				CLANG_WARN_CONSTANT_CONVERSION = YES;
				CLANG_WARN_DIRECT_OBJC_ISA_USAGE = YES_ERROR;
				CLANG_WARN_EMPTY_BODY = YES;
				CLANG_WARN_ENUM_CONVERSION = YES;
				CLANG_WARN_INFINITE_RECURSION = YES;
				CLANG_WARN_INT_CONVERSION = YES;
				CLANG_WARN_NON_LITERAL_NULL_CONVERSION = YES;
				CLANG_WARN_OBJC_LITERAL_CONVERSION = YES;
				CLANG_WARN_OBJC_ROOT_CLASS = YES_ERROR;
				CLANG_WARN_RANGE_LOOP_ANALYSIS = YES;
				CLANG_WARN_STRICT_PROTOTYPES = YES;
				CLANG_WARN_SUSPICIOUS_MOVE = YES;
				CLANG_WARN_UNREACHABLE_CODE = YES;
				CLANG_WARN__DUPLICATE_METHOD_MATCH = YES;
				"CODE_SIGN_IDENTITY[sdk=iphoneos*]" = "iPhone Developer";
				COPY_PHASE_STRIP = NO;
				ENABLE_STRICT_OBJC_MSGSEND = YES;
				ENABLE_TESTABILITY = YES;
				GCC_C_LANGUAGE_STANDARD = gnu99;
				GCC_DYNAMIC_NO_PIC = NO;
				GCC_NO_COMMON_BLOCKS = YES;
				GCC_OPTIMIZATION_LEVEL = 0;
				GCC_PREPROCESSOR_DEFINITIONS = (
					"DEBUG=1",
					"$(inherited)",
				);
				GCC_SYMBOLS_PRIVATE_EXTERN = NO;
				GCC_WARN_64_TO_32_BIT_CONVERSION = YES;
				GCC_WARN_ABOUT_RETURN_TYPE = YES_ERROR;
				GCC_WARN_UNDECLARED_SELECTOR = YES;
				GCC_WARN_UNINITIALIZED_AUTOS = YES_AGGRESSIVE;
				GCC_WARN_UNUSED_FUNCTION = YES;
				GCC_WARN_UNUSED_VARIABLE = YES;
				IPHONEOS_DEPLOYMENT_TARGET = 8.1;
				MTL_ENABLE_DEBUG_INFO = YES;
				ONLY_ACTIVE_ARCH = YES;
				SDKROOT = iphoneos;
				SWIFT_OPTIMIZATION_LEVEL = "-Onone";
			};
			name = Debug;
		};
		9CC38A651A04DC6A00000B57 /* Release */ = {
			isa = XCBuildConfiguration;
			buildSettings = {
				ALWAYS_SEARCH_USER_PATHS = NO;
				CLANG_CXX_LANGUAGE_STANDARD = "gnu++0x";
				CLANG_CXX_LIBRARY = "libc++";
				CLANG_ENABLE_MODULES = YES;
				CLANG_ENABLE_OBJC_ARC = YES;
				CLANG_WARN_BLOCK_CAPTURE_AUTORELEASING = YES;
				CLANG_WARN_BOOL_CONVERSION = YES;
				CLANG_WARN_COMMA = YES;
				CLANG_WARN_CONSTANT_CONVERSION = YES;
				CLANG_WARN_DIRECT_OBJC_ISA_USAGE = YES_ERROR;
				CLANG_WARN_EMPTY_BODY = YES;
				CLANG_WARN_ENUM_CONVERSION = YES;
				CLANG_WARN_INFINITE_RECURSION = YES;
				CLANG_WARN_INT_CONVERSION = YES;
				CLANG_WARN_NON_LITERAL_NULL_CONVERSION = YES;
				CLANG_WARN_OBJC_LITERAL_CONVERSION = YES;
				CLANG_WARN_OBJC_ROOT_CLASS = YES_ERROR;
				CLANG_WARN_RANGE_LOOP_ANALYSIS = YES;
				CLANG_WARN_STRICT_PROTOTYPES = YES;
				CLANG_WARN_SUSPICIOUS_MOVE = YES;
				CLANG_WARN_UNREACHABLE_CODE = YES;
				CLANG_WARN__DUPLICATE_METHOD_MATCH = YES;
				"CODE_SIGN_IDENTITY[sdk=iphoneos*]" = "iPhone Developer";
				COPY_PHASE_STRIP = YES;
				ENABLE_NS_ASSERTIONS = NO;
				ENABLE_STRICT_OBJC_MSGSEND = YES;
				GCC_C_LANGUAGE_STANDARD = gnu99;
				GCC_NO_COMMON_BLOCKS = YES;
				GCC_WARN_64_TO_32_BIT_CONVERSION = YES;
				GCC_WARN_ABOUT_RETURN_TYPE = YES_ERROR;
				GCC_WARN_UNDECLARED_SELECTOR = YES;
				GCC_WARN_UNINITIALIZED_AUTOS = YES_AGGRESSIVE;
				GCC_WARN_UNUSED_FUNCTION = YES;
				GCC_WARN_UNUSED_VARIABLE = YES;
				IPHONEOS_DEPLOYMENT_TARGET = 8.1;
				MTL_ENABLE_DEBUG_INFO = NO;
				SDKROOT = iphoneos;
				VALIDATE_PRODUCT = YES;
			};
			name = Release;
		};
		9CC38A671A04DC6A00000B57 /* Debug */ = {
			isa = XCBuildConfiguration;
			buildSettings = {
				ASSETCATALOG_COMPILER_APPICON_NAME = AppIcon;
				DEVELOPMENT_TEAM = ZHNA975N38;
				INFOPLIST_FILE = BeginnerCook/Info.plist;
				LD_RUNPATH_SEARCH_PATHS = "$(inherited) @executable_path/Frameworks";
				PRODUCT_BUNDLE_IDENTIFIER = com.andyron.BeginnerCook;
				PRODUCT_NAME = "$(TARGET_NAME)";
				SWIFT_SWIFT3_OBJC_INFERENCE = Default;
				SWIFT_VERSION = 4.0;
			};
			name = Debug;
		};
		9CC38A681A04DC6A00000B57 /* Release */ = {
			isa = XCBuildConfiguration;
			buildSettings = {
				ASSETCATALOG_COMPILER_APPICON_NAME = AppIcon;
				DEVELOPMENT_TEAM = ZHNA975N38;
				INFOPLIST_FILE = BeginnerCook/Info.plist;
				LD_RUNPATH_SEARCH_PATHS = "$(inherited) @executable_path/Frameworks";
				PRODUCT_BUNDLE_IDENTIFIER = com.andyron.BeginnerCook;
				PRODUCT_NAME = "$(TARGET_NAME)";
				SWIFT_OPTIMIZATION_LEVEL = "-Owholemodule";
				SWIFT_SWIFT3_OBJC_INFERENCE = Default;
				SWIFT_VERSION = 4.0;
			};
			name = Release;
		};
/* End XCBuildConfiguration section */

/* Begin XCConfigurationList section */
		9CC38A421A04DC6A00000B57 /* Build configuration list for PBXProject "BeginnerCook" */ = {
			isa = XCConfigurationList;
			buildConfigurations = (
				9CC38A641A04DC6A00000B57 /* Debug */,
				9CC38A651A04DC6A00000B57 /* Release */,
			);
			defaultConfigurationIsVisible = 0;
			defaultConfigurationName = Release;
		};
		9CC38A661A04DC6A00000B57 /* Build configuration list for PBXNativeTarget "BeginnerCook" */ = {
			isa = XCConfigurationList;
			buildConfigurations = (
				9CC38A671A04DC6A00000B57 /* Debug */,
				9CC38A681A04DC6A00000B57 /* Release */,
			);
			defaultConfigurationIsVisible = 0;
			defaultConfigurationName = Release;
		};
/* End XCConfigurationList section */
	};
	rootObject = 9CC38A3F1A04DC6A00000B57 /* Project object */;
}
